
Microsoft Visual Studio Solution File, Format Version 12.00
# Visual Studio Version 16
VisualStudioVersion = 16.0.29318.209
MinimumVisualStudioVersion = 10.0.40219.1
Project("{9A19103F-16F7-4668-BE54-9A1E7A4F7556}") = "TestExample", "TestExample\TestExample.csproj", "{F370E692-98F7-4505-A1A3-9555429ED995}"
EndProject
Project("{9A19103F-16F7-4668-BE54-9A1E7A4F7556}") = "BinaryObjectMapper.Declarations", "BinaryObjectMapper.Declarations\BinaryObjectMapper.Declarations.csproj", "{B43E7AF4-893B-4F44-B4F5-38CFF4C0C72C}"
EndProject
Project("{FAE04EC0-301F-11D3-BF4B-00C04F79EFBC}") = "BinaryObjectMapper", "BinaryObjectMapper\BinaryObjectMapper.csproj", "{1574E670-EAAF-4614-BFD3-C6EA02084E1F}"
EndProject
Global
	GlobalSection(SolutionConfigurationPlatforms) = preSolution
		Debug|Any CPU = Debug|Any CPU
		Release|Any CPU = Release|Any CPU
	EndGlobalSection
	GlobalSection(ProjectConfigurationPlatforms) = postSolution
		{F370E692-98F7-4505-A1A3-9555429ED995}.Debug|Any CPU.ActiveCfg = Debug|Any CPU
		{F370E692-98F7-4505-A1A3-9555429ED995}.Debug|Any CPU.Build.0 = Debug|Any CPU
		{F370E692-98F7-4505-A1A3-9555429ED995}.Release|Any CPU.ActiveCfg = Release|Any CPU
		{F370E692-98F7-4505-A1A3-9555429ED995}.Release|Any CPU.Build.0 = Release|Any CPU
		{B43E7AF4-893B-4F44-B4F5-38CFF4C0C72C}.Debug|Any CPU.ActiveCfg = Debug|Any CPU
		{B43E7AF4-893B-4F44-B4F5-38CFF4C0C72C}.Debug|Any CPU.Build.0 = Debug|Any CPU
		{B43E7AF4-893B-4F44-B4F5-38CFF4C0C72C}.Release|Any CPU.ActiveCfg = Release|Any CPU
		{B43E7AF4-893B-4F44-B4F5-38CFF4C0C72C}.Release|Any CPU.Build.0 = Release|Any CPU
		{1574E670-EAAF-4614-BFD3-C6EA02084E1F}.Debug|Any CPU.ActiveCfg = Debug|Any CPU
		{1574E670-EAAF-4614-BFD3-C6EA02084E1F}.Debug|Any CPU.Build.0 = Debug|Any CPU
		{1574E670-EAAF-4614-BFD3-C6EA02084E1F}.Release|Any CPU.ActiveCfg = Release|Any CPU
		{1574E670-EAAF-4614-BFD3-C6EA02084E1F}.Release|Any CPU.Build.0 = Release|Any CPU
	EndGlobalSection
	GlobalSection(SolutionProperties) = preSolution
		HideSolutionNode = FALSE
	EndGlobalSection
	GlobalSection(ExtensibilityGlobals) = postSolution
		SolutionGuid = {A9ED51CE-49BF-4FB7-86B2-0D2FB6B80B7D}
	EndGlobalSection
EndGlobal
